
Microsoft Visual Studio Solution File, Format Version 12.00
# Visual Studio Version 17
VisualStudioVersion = 17.7.34018.315
MinimumVisualStudioVersion = 10.0.40219.1
Project("{9A19103F-16F7-4668-BE54-9A1E7A4F7556}") = "MAUITest", "MAUITest\MAUITest.csproj", "{45DC0637-68E3-45B4-92C3-4FAFDA10B64A}"
EndProject
Global
	GlobalSection(SolutionConfigurationPlatforms) = preSolution
		Debug|Any CPU = Debug|Any CPU
		Release|Any CPU = Release|Any CPU
	EndGlobalSection
	GlobalSection(ProjectConfigurationPlatforms) = postSolution
		{45DC0637-68E3-45B4-92C3-4FAFDA10B64A}.Debug|Any CPU.ActiveCfg = Debug|Any CPU
		{45DC0637-68E3-45B4-92C3-4FAFDA10B64A}.Debug|Any CPU.Build.0 = Debug|Any CPU
		{45DC0637-68E3-45B4-92C3-4FAFDA10B64A}.Debug|Any CPU.Deploy.0 = Debug|Any CPU
		{45DC0637-68E3-45B4-92C3-4FAFDA10B64A}.Release|Any CPU.ActiveCfg = Release|Any CPU
		{45DC0637-68E3-45B4-92C3-4FAFDA10B64A}.Release|Any CPU.Build.0 = Release|Any CPU
		{45DC0637-68E3-45B4-92C3-4FAFDA10B64A}.Release|Any CPU.Deploy.0 = Release|Any CPU
	EndGlobalSection
	GlobalSection(SolutionProperties) = preSolution
		HideSolutionNode = FALSE
	EndGlobalSection
	GlobalSection(ExtensibilityGlobals) = postSolution
		SolutionGuid = {4F6A9EAD-898C-41DF-AB33-192C5A48148B}
	EndGlobalSection
EndGlobal
